{
  "lockfile_version": "1",
  "packages": {
    "expect@latest": {
      "last_modified": "2026-08-12T11:28:58Z",
      "resolved": "github:NixOS/nixpkgs/044bfe75bfe4c7bbe043dc17b5e42ea823b84a09#expect",
      "source": "devbox-search",
      "version": "5.45.4",
      "systems": {
        "aarch64-darwin": {
          "outputs": [
            {
              "name": "out",
              "path": "/nix/store/i4y38mzpsp092m4smznpb7qa0l2637ha-expect-5.45.4",
              "default": true
            },
            {
              "name": "dev",
              "path": "/nix/store/c1s2b4qckmfr1rrk7h7i388pj5id7md2-expect-5.45.4-dev"
            }
          ],
          "store_path": "/nix/store/i4y38mzpsp092m4smznpb7qa0l2637ha-expect-5.45.4"
        },
        "aarch64-linux": {
          "outputs": [
            {
              "name": "out",
              "path": "/nix/store/kcdw6wfjn0dvdf1shgdhc9xl68frxyd6-expect-5.45.4",
              "default": true
            },
            {
              "name": "dev",
              "path": "/nix/store/g5911pb1sh0fafilafwdn1bs9gj0nna3-expect-5.45.4-dev"
            }
          ],
          "store_path": "/nix/store/kcdw6wfjn0dvdf1shgdhc9xl68frxyd6-expect-5.45.4"
        },
        "x86_64-darwin": {
          "outputs": [
            {
              "name": "out",
              "path": "/nix/store/gmmkxgnyga4xd26q57cs1vz629jc1749-expect-5.45.4",
              "default": true
            },
            {
              "name": "dev",
              "path": "/nix/store/0hm1y4795f8cgl2bnqj1brls06v3rxyy-expect-5.45.4-dev"
            }
          ],
          "store_path": "/nix/store/gmmkxgnyga4xd26q57cs1vz629jc1749-expect-5.45.4"
        },
        "x86_64-linux": {
          "outputs": [
            {
              "name": "out",
              "path": "/nix/store/hiwf31m1ss2waaq47d7d6sljbsgxc5wi-expect-5.45.4",
              "default": true
            },
            {
              "name": "dev",
              "path": "/nix/store/cx1a184520s3phm2p65jp929n9l6pyrq-expect-5.45.4-dev"
            }
          ],
          "store_path": "/nix/store/hiwf31m1ss2waaq47d7d6sljbsgxc5wi-expect-5.45.4"
        }
      }
    },
    "git@latest": {
      "last_modified": "2026-08-19T20:44:59Z",
      "resolved": "github:NixOS/nixpkgs/07e1d92cdc0ed416cfa11ff3ca40d17e61cfba7a#git",
      "source": "devbox-search",
      "version": "2.55.0",
      "systems": {
        "aarch64-darwin": {
          "outputs": [
            {
              "name": "out",
              "path": "/nix/store/hiw6ii978dc8s153v60fzy6myzqxymm7-git-2.55.0",
              "default": true
            },
            {
              "name": "doc",
              "path": "/nix/store/181ykp1mvmh07rq1sqfss8n7s1sc3mlm-git-2.55.0-doc"
            }
          ],
          "store_path": "/nix/store/hiw6ii978dc8s153v60fzy6myzqxymm7-git-2.55.0"
        },
        "aarch64-linux": {
          "outputs": [
            {
              "name": "out",
              "path": "/nix/store/q3pvpkn0qmin7x572p3z32hxz9yny73i-git-2.55.0",
              "default": true
            },
            {
              "name": "debug",
              "path": "/nix/store/5rjalzcb929d9qrxp8v6xxz99vfhmxhn-git-2.55.0-debug"
            },
            {
              "name": "doc",
              "path": "/nix/store/jbfpbknl5qh0cm5zg48gxgb6fzhwvq04-git-2.55.0-doc"
            }
          ],
          "store_path": "/nix/store/q3pvpkn0qmin7x572p3z32hxz9yny73i-git-2.55.0"
        },
        "x86_64-linux": {
          "outputs": [
            {
              "name": "out",
              "path": "/nix/store/8wxs6573l730vxkqd6wp58kvxa19csll-git-2.55.0",
              "default": true
            },
            {
              "name": "debug",
              "path": "/nix/store/3zxdc75ib758dwba0afaj63d33w6z42w-git-2.55.0-debug"
            },
            {
              "name": "doc",
              "path": "/nix/store/h1dp7wlh1saz2d77ajpdpbms1fn56ih8-git-2.55.0-doc"
            }
          ],
          "store_path": "/nix/store/8wxs6573l730vxkqd6wp58kvxa19csll-git-2.55.0"
        }
      }
    },
    "github:NixOS/nixpkgs/nixpkgs-unstable": {
      "last_modified": "2026-08-27T07:16:00Z",
      "resolved": "github:NixOS/nixpkgs/c27cdad491a991b11ed731760aa2ef8db0cb0410?lastModified=1787814960"
    },
    "gnumake@latest": {
      "last_modified": "2026-08-19T03:50:13Z",
      "resolved": "github:NixOS/nixpkgs/afe3d8ac4395617bdcdac9f188ac8717a062e014#gnumake",
      "source": "devbox-search",
      "version": "4.4.1",
      "systems": {
        "aarch64-darwin": {
          "outputs": [
            {
              "name": "out",
              "path": "/nix/store/531m4zdgqpmqnfqi19y3lj4rnkr98yy0-gnumake-4.4.1",
              "default": true
            },
            {
              "name": "man",
              "path": "/nix/store/r6wz2258c6piw14z0r5krg3b93n6378p-gnumake-4.4.1-man",
              "default": true
            },
            {
              "name": "doc",
              "path": "/nix/store/d4qx2dc81bhp654kpk26j48mrmyzfnzm-gnumake-4.4.1-doc"
            },
            {
              "name": "info",
              "path": "/nix/store/s50dnjd81395y7lvsl4zdxm5q4q4mkb1-gnumake-4.4.1-info"
            }
          ],
          "store_path": "/nix/store/531m4zdgqpmqnfqi19y3lj4rnkr98yy0-gnumake-4.4.1"
        },
        "aarch64-linux": {
          "outputs": [
            {
              "name": "out",
              "path": "/nix/store/1dzsx5xcm25931cbdzs8cbjlzpc85mbp-gnumake-4.4.1",
              "default": true
            },
            {
              "name": "man",
              "path": "/nix/store/28x5qj84g0ybg3hq21shg7grc51c1a7b-gnumake-4.4.1-man",
              "default": true
            },
            {
              "name": "debug",
              "path": "/nix/store/jj9z626h6gs0yz415yfka1gjyhancq0z-gnumake-4.4.1-debug"
            },
            {
              "name": "doc",
              "path": "/nix/store/c7kfpr73r9acz3apnb2lacbs28i7cjli-gnumake-4.4.1-doc"
            },
            {
              "name": "info",
              "path": "/nix/store/f0ybqwyla1ngadcl8mvpgjyaaxk5baky-gnumake-4.4.1-info"
            }
          ],
          "store_path": "/nix/store/1dzsx5xcm25931cbdzs8cbjlzpc85mbp-gnumake-4.4.1"
        },
        "x86_64-darwin": {
          "outputs": [
            {
              "name": "out",
              "path": "/nix/store/0bg5b97b9hbhz8907bfcrch1i116xppa-gnumake-4.4.1",
              "default": true
            },
            {
              "name": "man",
              "path": "/nix/store/wb4yn3d7vmi1hr4f8pz38rjvcl7f70ma-gnumake-4.4.1-man",
              "default": true
            },
            {
              "name": "doc",
              "path": "/nix/store/3b9cjf16jx4ncpp3b4k6m8q01nxsrw1n-gnumake-4.4.1-doc"
            },
            {
              "name": "info",
              "path": "/nix/store/rriz5p4q8a6sca7sw3p3js1m5dl09ia8-gnumake-4.4.1-info"
            }
          ],
          "store_path": "/nix/store/0bg5b97b9hbhz8907bfcrch1i116xppa-gnumake-4.4.1"
        },
        "x86_64-linux": {
          "outputs": [
            {
              "name": "out",
              "path": "/nix/store/zg22421nym5dxikl92978lqj6xf4jkax-gnumake-4.4.1",
              "default": true
            },
            {
              "name": "man",
              "path": "/nix/store/j3mkxawmvh2c8swqy0x5bvzh8jpjvbs7-gnumake-4.4.1-man",
              "default": true
            },
            {
              "name": "debug",
              "path": "/nix/store/qjh1wf4n55a7sqfn6bx1faf4h8347s43-gnumake-4.4.1-debug"
            },
            {
              "name": "doc",
              "path": "/nix/store/g33wdgbyibi3ahd3gfx4js43xp2mq8z3-gnumake-4.4.1-doc"
            },
            {
              "name": "info",
              "path": "/nix/store/an4gd4m49w4mcby5i003xkxc4fqvbnsw-gnumake-4.4.1-info"
            }
          ],
          "store_path": "/nix/store/zg22421nym5dxikl92978lqj6xf4jkax-gnumake-4.4.1"
        }
      }
    },
    "gnupg@latest": {
      "last_modified": "2026-08-17T19:09:21Z",
      "resolved": "github:NixOS/nixpkgs/8b7dc2ca50dd99ca3af5af1436b06b5adb1e54c9#gnupg",
      "source": "devbox-search",
      "version": "2.4.9",
      "systems": {
        "aarch64-darwin": {
          "outputs": [
            {
              "name": "out",
              "path": "/nix/store/pcmg0788x9gsvfb2w8slmm8j81jzilxz-gnupg-2.4.9",
              "default": true
            },
            {
              "name": "man",
              "path": "/nix/store/b3icis9hq8y7my60j5nbz2scxwz7g61b-gnupg-2.4.9-man",
              "default": true
            },
            {
              "name": "doc",
              "path": "/nix/store/zj1g1249v14dwic3b1q6cw5b6iny0p8a-gnupg-2.4.9-doc"
            },
            {
              "name": "info",
              "path": "/nix/store/cr7m6lrm60qwmqwa0plja7ap06z72355-gnupg-2.4.9-info"
            }
          ],
          "store_path": "/nix/store/pcmg0788x9gsvfb2w8slmm8j81jzilxz-gnupg-2.4.9"
        },
        "aarch64-linux": {
          "outputs": [
            {
              "name": "out",
              "path": "/nix/store/172k7k3a7mw2b8vjxgnm547px2wikfa5-gnupg-2.4.9",
              "default": true
            },
            {
              "name": "man",
              "path": "/nix/store/p6qjsmf4f0bgbkh8xq48z69jgqx4b0m0-gnupg-2.4.9-man",
              "default": true
            },
            {
              "name": "doc",
              "path": "/nix/store/9lmsci7vm6gq2yrxl38nd3vzp5gilg0f-gnupg-2.4.9-doc"
            },
            {
              "name": "info",
              "path": "/nix/store/sa7bz06sq86gk6lia33wx8y030c4hvsm-gnupg-2.4.9-info"
            }
          ],
          "store_path": "/nix/store/172k7k3a7mw2b8vjxgnm547px2wikfa5-gnupg-2.4.9"
        },
        "x86_64-darwin": {
          "outputs": [
            {
              "name": "out",
              "path": "/nix/store/n3md9y3mqg5n7ics64chfjfzhn45qby3-gnupg-2.4.9",
              "default": true
            },
            {
              "name": "man",
              "path": "/nix/store/401dixxj0zdpsky85pkig64hi4ah79yv-gnupg-2.4.9-man",
              "default": true
            },
            {
              "name": "doc",
              "path": "/nix/store/jdkh6plqi5s2s5cqbckfwcd8lnwyx50g-gnupg-2.4.9-doc"
            },
            {
              "name": "info",
              "path": "/nix/store/7hz218wdccp4nz41xmdwsjpx57ilwihm-gnupg-2.4.9-info"
            }
          ],
          "store_path": "/nix/store/n3md9y3mqg5n7ics64chfjfzhn45qby3-gnupg-2.4.9"
        },
        "x86_64-linux": {
          "outputs": [
            {
              "name": "out",
              "path": "/nix/store/nxjq9lhr0q6x8bjlvrih0bdh4d9dz5zj-gnupg-2.4.9",
              "default": true
            },
            {
              "name": "man",
              "path": "/nix/store/z00sgmcm9l50jp3rc5m93p6gf6a7bwyc-gnupg-2.4.9-man",
              "default": true
            },
            {
              "name": "doc",
              "path": "/nix/store/zq518qvzrm41kj0lpgyhi86l8vk3ah85-gnupg-2.4.9-doc"
            },
            {
              "name": "info",
              "path": "/nix/store/iapi6117b00fw8ahqhdarvw0b0kfkg46-gnupg-2.4.9-info"
            }
          ],
          "store_path": "/nix/store/nxjq9lhr0q6x8bjlvrih0bdh4d9dz5zj-gnupg-2.4.9"
        }
      }
    },
    "jq@latest": {
      "last_modified": "2026-08-25T04:16:28Z",
      "resolved": "github:NixOS/nixpkgs/ac6b2166e7a9375683b8e98f860f273222337b16#jq",
      "source": "devbox-search",
      "version": "1.8.2",
      "systems": {
        "aarch64-darwin": {
          "outputs": [
            {
              "name": "bin",
              "path": "/nix/store/0rh3h4zp6zfpyrprc5nhv8fr6fimif20-jq-1.8.2-bin",
              "default": true
            },
            {
              "name": "man",
              "path": "/nix/store/mvjwlxlr8jjy0qk6hhbiz7sc4c34qbyp-jq-1.8.2-man",
              "default": true
            },
            {
              "name": "out",
              "path": "/nix/store/kn0zwf9xffzj4j9rf2iw8zqqgp5r81pa-jq-1.8.2"
            },
            {
              "name": "dev",
              "path": "/nix/store/n9k1113nhr98lj127dybfjc47ywvwkzq-jq-1.8.2-dev"
            },
            {
              "name": "doc",
              "path": "/nix/store/c2mfv51inycd1m1h23wrq0xrmqma1n01-jq-1.8.2-doc"
            }
          ],
          "store_path": "/nix/store/0rh3h4zp6zfpyrprc5nhv8fr6fimif20-jq-1.8.2-bin"
        },
        "aarch64-linux": {
          "outputs": [
            {
              "name": "bin",
              "path": "/nix/store/idak61zxiv384i26xpk1rgq17bwfpk74-jq-1.8.2-bin",
              "default": true
            },
            {
              "name": "man",
              "path": "/nix/store/xha52gqb3ghchsgzff2ivn4vzndf1ap9-jq-1.8.2-man",
              "default": true
            },
            {
              "name": "dev",
              "path": "/nix/store/r9zn83ni06rdzkns9rya2ajvasvjwg14-jq-1.8.2-dev"
            },
            {
              "name": "doc",
              "path": "/nix/store/i31dp26h347cnzh3bj6spay6kydgg0vp-jq-1.8.2-doc"
            },
            {
              "name": "out",
              "path": "/nix/store/p6gmwpax6i1pbvcpqxg51swl5zn6lrrw-jq-1.8.2"
            }
          ],
          "store_path": "/nix/store/idak61zxiv384i26xpk1rgq17bwfpk74-jq-1.8.2-bin"
        },
        "x86_64-linux": {
          "outputs": [
            {
              "name": "bin",
              "path": "/nix/store/25pcd19xk5ff8ybjslsips4g7yv06fxl-jq-1.8.2-bin",
              "default": true
            },
            {
              "name": "man",
              "path": "/nix/store/azzak4596lzn8kc48pij8kdjn0b2pwnx-jq-1.8.2-man",
              "default": true
            },
            {
              "name": "dev",
              "path": "/nix/store/l9wkilihbd6xg5f7dmwzyxjlmaly45ib-jq-1.8.2-dev"
            },
            {
              "name": "doc",
              "path": "/nix/store/78aafabrskd5il1l06lhbqi7jzd8pknh-jq-1.8.2-doc"
            },
            {
              "name": "out",
              "path": "/nix/store/rj3zms0wpcp1q5vcbin93w3jyg2rdj84-jq-1.8.2"
            }
          ],
          "store_path": "/nix/store/25pcd19xk5ff8ybjslsips4g7yv06fxl-jq-1.8.2-bin"
        }
      }
    },
    "just@latest": {
      "last_modified": "2026-08-12T11:28:58Z",
      "resolved": "github:NixOS/nixpkgs/044bfe75bfe4c7bbe043dc17b5e42ea823b84a09#just",
      "source": "devbox-search",
      "version": "1.58.0",
      "systems": {
        "aarch64-darwin": {
          "outputs": [
            {
              "name": "out",
              "path": "/nix/store/81jjd00c3favpnbqykknj8b38xv3xwag-just-1.58.0",
              "default": true
            },
            {
              "name": "man",
              "path": "/nix/store/prvq39qv9jhvxmc0x680llzi9yhdhxf2-just-1.58.0-man",
              "default": true
            },
            {
              "name": "doc",
              "path": "/nix/store/l0921qb0dmgqf7lv8wkrgnh9hwy45ilb-just-1.58.0-doc"
            }
          ],
          "store_path": "/nix/store/81jjd00c3favpnbqykknj8b38xv3xwag-just-1.58.0"
        },
        "aarch64-linux": {
          "outputs": [
            {
              "name": "out",
              "path": "/nix/store/25882ybvr2ynzgjmkzg65ajpk5pj0s9m-just-1.58.0",
              "default": true
            },
            {
              "name": "man",
              "path": "/nix/store/z6hgngkqhidw2rzmwssf5x4wa7043rpn-just-1.58.0-man",
              "default": true
            },
            {
              "name": "doc",
              "path": "/nix/store/qz7crf5iz73jmzs879hw4vnr62ilh4z1-just-1.58.0-doc"
            }
          ],
          "store_path": "/nix/store/25882ybvr2ynzgjmkzg65ajpk5pj0s9m-just-1.58.0"
        },
        "x86_64-linux": {
          "outputs": [
            {
              "name": "out",
              "path": "/nix/store/ni2dxycnhsp34y4qy6q44nw6pp6bj0l0-just-1.58.0",
              "default": true
            },
            {
              "name": "man",
              "path": "/nix/store/q3qkl9qssss7df0kj0p15an4rg95f5bs-just-1.58.0-man",
              "default": true
            },
            {
              "name": "doc",
              "path": "/nix/store/wwvfc48y4iiavjys7mf5ixnqh0gil0r8-just-1.58.0-doc"
            }
          ],
          "store_path": "/nix/store/ni2dxycnhsp34y4qy6q44nw6pp6bj0l0-just-1.58.0"
        }
      }
    },
    "libisoburn@latest": {
      "last_modified": "2026-08-22T10:28:36Z",
      "resolved": "github:NixOS/nixpkgs/c8f90650c15282fa8656a041bfbbd2403997a9a7#libisoburn",
      "source": "devbox-search",
      "version": "1.5.8.pl02",
      "systems": {
        "aarch64-darwin": {
          "outputs": [
            {
              "name": "out",
              "path": "/nix/store/3yakiqxahx3b51zvgjknscbj356ydaya-libisoburn-1.5.8.pl02",
              "default": true
            },
            {
              "name": "man",
              "path": "/nix/store/rydsf0844imfxz6aajfrns1sxvvj3pfg-libisoburn-1.5.8.pl02-man",
              "default": true
            },
            {
              "name": "dev",
              "path": "/nix/store/izqcv8aldlbgnkykl0zk4g873brcxzav-libisoburn-1.5.8.pl02-dev"
            },
            {
              "name": "info",
              "path": "/nix/store/4xavyky3105yn4haigwsd51agjbwm9wf-libisoburn-1.5.8.pl02-info"
            },
            {
              "name": "lib",
              "path": "/nix/store/0wp9a7ybf86pcywkhpgqi3hvvm1hh82z-libisoburn-1.5.8.pl02-lib"
            }
          ],
          "store_path": "/nix/store/3yakiqxahx3b51zvgjknscbj356ydaya-libisoburn-1.5.8.pl02"
        },
        "aarch64-linux": {
          "outputs": [
            {
              "name": "out",
              "path": "/nix/store/nq1k3cnz3nrdch86xgbq2bnqzwxz59si-libisoburn-1.5.8.pl02",
              "default": true
            },
            {
              "name": "man",
              "path": "/nix/store/z0dxpsdxcj3vpjhvdwkqa51p5mhmi1jh-libisoburn-1.5.8.pl02-man",
              "default": true
            },
            {
              "name": "dev",
              "path": "/nix/store/v8dy8zlnf7iz4n6ny47nzw9pjib03xl0-libisoburn-1.5.8.pl02-dev"
            },
            {
              "name": "info",
              "path": "/nix/store/62vrimsir8jry18i7z1r1aap7fbw71lc-libisoburn-1.5.8.pl02-info"
            },
            {
              "name": "lib",
              "path": "/nix/store/vckwzjp25iv42mh18kq00c8y8r0br4hw-libisoburn-1.5.8.pl02-lib"
            }
          ],
          "store_path": "/nix/store/nq1k3cnz3nrdch86xgbq2bnqzwxz59si-libisoburn-1.5.8.pl02"
        },
        "x86_64-darwin": {
          "outputs": [
            {
              "name": "out",
              "path": "/nix/store/bmfw90iyry68bi352fagq63zqhvq69m5-libisoburn-1.5.8.pl02",
              "default": true
            },
            {
              "name": "man",
              "path": "/nix/store/injz3glph3g2147xp8zhxbh0x4rchnl7-libisoburn-1.5.8.pl02-man",
              "default": true
            },
            {
              "name": "lib",
              "path": "/nix/store/a0zzr8n58bbm00yhqkqxs3bpkq163dfc-libisoburn-1.5.8.pl02-lib"
            },
            {
              "name": "dev",
              "path": "/nix/store/h1d9py7dk56hmzv8p2zk4fgj47xqqf71-libisoburn-1.5.8.pl02-dev"
            },
            {
              "name": "info",
              "path": "/nix/store/crvj6i2lgfl29a1n6hywlfrbfbmxqjgw-libisoburn-1.5.8.pl02-info"
            }
          ],
          "store_path": "/nix/store/bmfw90iyry68bi352fagq63zqhvq69m5-libisoburn-1.5.8.pl02"
        },
        "x86_64-linux": {
          "outputs": [
            {
              "name": "out",
              "path": "/nix/store/fzlsr4pypsga23x580mflap88vdwdrcd-libisoburn-1.5.8.pl02",
              "default": true
            },
            {
              "name": "man",
              "path": "/nix/store/89sk3drdimdhj13d5dgn22rhbydyhi61-libisoburn-1.5.8.pl02-man",
              "default": true
            },
            {
              "name": "dev",
              "path": "/nix/store/slljszkzdrszr9hl0a1qk52r18d23895-libisoburn-1.5.8.pl02-dev"
            },
            {
              "name": "info",
              "path": "/nix/store/w54imdvbka9vkq0b4y7j589d9ybkqly8-libisoburn-1.5.8.pl02-info"
            },
            {
              "name": "lib",
              "path": "/nix/store/jsh70pnlfr6ks173sr9vwkkzjvir37b0-libisoburn-1.5.8.pl02-lib"
            }
          ],
          "store_path": "/nix/store/fzlsr4pypsga23x580mflap88vdwdrcd-libisoburn-1.5.8.pl02"
        }
      }
    },
    "tomlq@latest": {
      "last_modified": "2026-08-12T11:28:58Z",
      "resolved": "github:NixOS/nixpkgs/044bfe75bfe4c7bbe043dc17b5e42ea823b84a09#tomlq",
      "source": "devbox-search",
      "version": "0.2.2",
      "systems": {
        "aarch64-darwin": {
          "outputs": [
            {
              "name": "out",
              "path": "/nix/store/2d6r4sxg2g7zif8sz0jdjwnqhfd85fza-tomlq-0.2.2",
              "default": true
            }
          ],
          "store_path": "/nix/store/2d6r4sxg2g7zif8sz0jdjwnqhfd85fza-tomlq-0.2.2"
        },
        "aarch64-linux": {
          "outputs": [
            {
              "name": "out",
              "path": "/nix/store/gcs1nm63zy4v8p49bfb6jjbdpls76zhf-tomlq-0.2.2",
              "default": true
            }
          ],
          "store_path": "/nix/store/gcs1nm63zy4v8p49bfb6jjbdpls76zhf-tomlq-0.2.2"
        },
        "x86_64-darwin": {
          "outputs": [
            {
              "name": "out",
              "path": "/nix/store/nc9y9vn8lcrgwgbspg6xbsdx74lf5sdz-tomlq-0.2.2",
              "default": true
            }
          ],
          "store_path": "/nix/store/nc9y9vn8lcrgwgbspg6xbsdx74lf5sdz-tomlq-0.2.2"
        },
        "x86_64-linux": {
          "outputs": [
            {
              "name": "out",
              "path": "/nix/store/fk930m2ggknmlany8w2zgcy60psj1x0m-tomlq-0.2.2",
              "default": true
            }
          ],
          "store_path": "/nix/store/fk930m2ggknmlany8w2zgcy60psj1x0m-tomlq-0.2.2"
        }
      }
    },
    "uv@latest": {
      "last_modified": "2026-08-22T02:12:10Z",
      "resolved": "github:NixOS/nixpkgs/a831408e6378bc02ebf8cc09b52c96ca86f6bab4#uv",
      "source": "devbox-search",
      "version": "0.12.5",
      "systems": {
        "aarch64-darwin": {
          "outputs": [
            {
              "name": "out",
              "path": "/nix/store/wvy1v08qn4v2p4c71pzx8rxva1v2hg73-uv-0.12.5",
              "default": true
            }
          ],
          "store_path": "/nix/store/wvy1v08qn4v2p4c71pzx8rxva1v2hg73-uv-0.12.5"
        },
        "aarch64-linux": {
          "outputs": [
            {
              "name": "out",
              "path": "/nix/store/jbbp63809yzn62babjv7f5f2bf24nklg-uv-0.12.5",
              "default": true
            }
          ],
          "store_path": "/nix/store/jbbp63809yzn62babjv7f5f2bf24nklg-uv-0.12.5"
        },
        "x86_64-linux": {
          "outputs": [
            {
              "name": "out",
              "path": "/nix/store/q48w4bd5w98g692nwf8acdngviqzaz9n-uv-0.12.5",
              "default": true
            }
          ],
          "store_path": "/nix/store/q48w4bd5w98g692nwf8acdngviqzaz9n-uv-0.12.5"
        }
      }
    },
    "xfsprogs@latest": {
      "last_modified": "2026-08-22T18:41:35Z",
      "resolved": "github:NixOS/nixpkgs/174eb786fb68e3a13e4e535a3deea479a0c07a6a#xfsprogs",
      "source": "devbox-search",
      "version": "7.1.1",
      "systems": {
        "aarch64-linux": {
          "outputs": [
            {
              "name": "bin",
              "path": "/nix/store/jg0w09ii359lyxg5fwih1y5i8b2g8jj4-xfsprogs-7.1.1-bin",
              "default": true
            },
            {
              "name": "man",
              "path": "/nix/store/5bvrkqqjwphga0vi0nbrcfwiw6q99c0a-xfsprogs-7.1.1-man",
              "default": true
            },
            {
              "name": "dev",
              "path": "/nix/store/q4rl8v39a7rl3lh03g8a86cnqs20by4c-xfsprogs-7.1.1-dev"
            },
            {
              "name": "doc",
              "path": "/nix/store/fyaw5w0l8wvlkp7anbbpagsyidny1b0z-xfsprogs-7.1.1-doc"
            },
            {
              "name": "out",
              "path": "/nix/store/i8mxkqdggirv6y6hlwz964apcyk3pflq-xfsprogs-7.1.1"
            }
          ],
          "store_path": "/nix/store/jg0w09ii359lyxg5fwih1y5i8b2g8jj4-xfsprogs-7.1.1-bin"
        },
        "x86_64-linux": {
          "outputs": [
            {
              "name": "bin",
              "path": "/nix/store/i1y61kbz5f6sjrcksb066sb6dfznrqjy-xfsprogs-7.1.1-bin",
              "default": true
            },
            {
              "name": "man",
              "path": "/nix/store/vmn8xd7fdy0cif97bvpq7i1aa74gvqlw-xfsprogs-7.1.1-man",
              "default": true
            },
            {
              "name": "out",
              "path": "/nix/store/ib23cc1a28sqbr0nimizzs7ns07zsq4j-xfsprogs-7.1.1"
            },
            {
              "name": "dev",
              "path": "/nix/store/60sr58ls2mcc4dcw3d8b900l4v6k3lp2-xfsprogs-7.1.1-dev"
            },
            {
              "name": "doc",
              "path": "/nix/store/abzf3xn83lav55mv0rrki311y0wsqzrv-xfsprogs-7.1.1-doc"
            }
          ],
          "store_path": "/nix/store/i1y61kbz5f6sjrcksb066sb6dfznrqjy-xfsprogs-7.1.1-bin"
        }
      }
    },
    "yq@latest": {
      "last_modified": "2026-08-12T11:28:58Z",
      "resolved": "github:NixOS/nixpkgs/044bfe75bfe4c7bbe043dc17b5e42ea823b84a09#yq",
      "source": "devbox-search",
      "version": "3.4.3",
      "systems": {
        "aarch64-darwin": {
          "outputs": [
            {
              "name": "out",
              "path": "/nix/store/qfwypbn5dflrnl3pnxqqv5i97fgkfhsl-python3.14-yq-3.4.3",
              "default": true
            },
            {
              "name": "dist",
              "path": "/nix/store/vibzp1kwmm5rikvr6lck6524897lyry8-python3.14-yq-3.4.3-dist"
            }
          ],
          "store_path": "/nix/store/qfwypbn5dflrnl3pnxqqv5i97fgkfhsl-python3.14-yq-3.4.3"
        },
        "aarch64-linux": {
          "outputs": [
            {
              "name": "out",
              "path": "/nix/store/1c3r9g13n8ppsxmy5lf1965ipr87m7xp-python3.14-yq-3.4.3",
              "default": true
            },
            {
              "name": "dist",
              "path": "/nix/store/cgiy46ly1j42k0nah2plw0ya0v9wbsvp-python3.14-yq-3.4.3-dist"
            }
          ],
          "store_path": "/nix/store/1c3r9g13n8ppsxmy5lf1965ipr87m7xp-python3.14-yq-3.4.3"
        },
        "x86_64-darwin": {
          "outputs": [
            {
              "name": "out",
              "path": "/nix/store/bb9zf0z1k84g85ncgxphxadlvbgrvafl-python3.13-yq-3.4.3",
              "default": true
            },
            {
              "name": "dist",
              "path": "/nix/store/piqw2x2l94ykijb1hayf87hp6pvqlkk6-python3.13-yq-3.4.3-dist"
            }
          ],
          "store_path": "/nix/store/bb9zf0z1k84g85ncgxphxadlvbgrvafl-python3.13-yq-3.4.3"
        },
        "x86_64-linux": {
          "outputs": [
            {
              "name": "out",
              "path": "/nix/store/m68wsv4pswxz2bjk7m5z8lfkgmvxw3x0-python3.14-yq-3.4.3",
              "default": true
            },
            {
              "name": "dist",
              "path": "/nix/store/4wfr3wdhakln4skfmk4mdc5lvjajcpj7-python3.14-yq-3.4.3-dist"
            }
          ],
          "store_path": "/nix/store/m68wsv4pswxz2bjk7m5z8lfkgmvxw3x0-python3.14-yq-3.4.3"
        }
      }
    }
  }
}
